
Microsoft Visual Studio Solution File, Format Version 12.00
# Visual Studio Version 17
VisualStudioVersion = 17.10.35013.160
MinimumVisualStudioVersion = 10.0.40219.1
Project("{FAE04EC0-301F-11D3-BF4B-00C04F79EFBC}") = "WebAPI", "WebAPI.csproj", "{0B202D8F-C9EB-44B0-9745-192455D0345C}"
EndProject
Global
	GlobalSection(SolutionConfigurationPlatforms) = preSolution
		Debug|Any CPU = Debug|Any CPU
		Release|Any CPU = Release|Any CPU
	EndGlobalSection
	GlobalSection(ProjectConfigurationPlatforms) = postSolution
		{0B202D8F-C9EB-44B0-9745-192455D0345C}.Debug|Any CPU.ActiveCfg = Debug|Any CPU
		{0B202D8F-C9EB-44B0-9745-192455D0345C}.Debug|Any CPU.Build.0 = Debug|Any CPU
		{0B202D8F-C9EB-44B0-9745-192455D0345C}.Release|Any CPU.ActiveCfg = Release|Any CPU
		{0B202D8F-C9EB-44B0-9745-192455D0345C}.Release|Any CPU.Build.0 = Release|Any CPU
	EndGlobalSection
	GlobalSection(SolutionProperties) = preSolution
		HideSolutionNode = FALSE
	EndGlobalSection
	GlobalSection(ExtensibilityGlobals) = postSolution
		SolutionGuid = {89B64BC0-2946-44D3-998A-B13DAFA87F3E}
	EndGlobalSection
EndGlobal
